
Microsoft Visual Studio Solution File, Format Version 12.00
# Visual Studio 2013
VisualStudioVersion = 12.0.30723.0
MinimumVisualStudioVersion = 10.0.40219.1
Project("{FAE04EC0-301F-11D3-BF4B-00C04F79EFBC}") = "LoggingWithMef", "LoggingWithMef\LoggingWithMef.csproj", "{642E78E9-DA60-4A85-ABB5-55AE8A8EAB63}"
EndProject
Project("{FAE04EC0-301F-11D3-BF4B-00C04F79EFBC}") = "LoggingWithoutMef", "LoggingWithoutMef\LoggingWithoutMef.csproj", "{0E7E78BF-B164-489C-AE4B-1573F9834690}"
EndProject
Global
	GlobalSection(SolutionConfigurationPlatforms) = preSolution
		Debug|Any CPU = Debug|Any CPU
		Release|Any CPU = Release|Any CPU
	EndGlobalSection
	GlobalSection(ProjectConfigurationPlatforms) = postSolution
		{642E78E9-DA60-4A85-ABB5-55AE8A8EAB63}.Debug|Any CPU.ActiveCfg = Debug|Any CPU
		{642E78E9-DA60-4A85-ABB5-55AE8A8EAB63}.Debug|Any CPU.Build.0 = Debug|Any CPU
		{642E78E9-DA60-4A85-ABB5-55AE8A8EAB63}.Release|Any CPU.ActiveCfg = Release|Any CPU
		{642E78E9-DA60-4A85-ABB5-55AE8A8EAB63}.Release|Any CPU.Build.0 = Release|Any CPU
		{0E7E78BF-B164-489C-AE4B-1573F9834690}.Debug|Any CPU.ActiveCfg = Debug|Any CPU
		{0E7E78BF-B164-489C-AE4B-1573F9834690}.Debug|Any CPU.Build.0 = Debug|Any CPU
		{0E7E78BF-B164-489C-AE4B-1573F9834690}.Release|Any CPU.ActiveCfg = Release|Any CPU
		{0E7E78BF-B164-489C-AE4B-1573F9834690}.Release|Any CPU.Build.0 = Release|Any CPU
	EndGlobalSection
	GlobalSection(SolutionProperties) = preSolution
		HideSolutionNode = FALSE
	EndGlobalSection
EndGlobal
